
Microsoft Visual Studio Solution File, Format Version 11.00
# Visual Studio 2010
Project("{FAE04EC0-301F-11D3-BF4B-00C04F79EFBC}") = "Clippy", "Clippy\Clippy.csproj", "{2970F1A9-10EE-41F8-86A5-64B6F5EFF346}"
EndProject
Project("{FAE04EC0-301F-11D3-BF4B-00C04F79EFBC}") = "Clippy.Test", "Clippy.Test\Clippy.Test.csproj", "{56EF5CD9-27B0-40D2-BFA0-5AC4967DAD39}"
EndProject
Project("{2150E333-8FDC-42A3-9474-1A3956D46DE8}") = ".nuget", ".nuget", "{F031E085-FC4D-458D-9381-23F9F4DEC92B}"
	ProjectSection(SolutionItems) = preProject
		.nuget\NuGet.exe = .nuget\NuGet.exe
		.nuget\NuGet.targets = .nuget\NuGet.targets
	EndProjectSection
EndProject
Project("{FAE04EC0-301F-11D3-BF4B-00C04F79EFBC}") = "Clippy.Mvc", "Clippy.Mvc\Clippy.Mvc.csproj", "{CB964485-48D2-4EA8-9FE4-EA6A1C6155F2}"
EndProject
Project("{2150E333-8FDC-42A3-9474-1A3956D46DE8}") = "Solution Items", "Solution Items", "{1A3E9ED8-AD69-4C69-95A9-C728E8257036}"
EndProject
Global
	GlobalSection(SolutionConfigurationPlatforms) = preSolution
		Debug|Any CPU = Debug|Any CPU
		Release|Any CPU = Release|Any CPU
	EndGlobalSection
	GlobalSection(ProjectConfigurationPlatforms) = postSolution
		{2970F1A9-10EE-41F8-86A5-64B6F5EFF346}.Debug|Any CPU.ActiveCfg = Debug|Any CPU
		{2970F1A9-10EE-41F8-86A5-64B6F5EFF346}.Debug|Any CPU.Build.0 = Debug|Any CPU
		{2970F1A9-10EE-41F8-86A5-64B6F5EFF346}.Release|Any CPU.ActiveCfg = Release|Any CPU
		{2970F1A9-10EE-41F8-86A5-64B6F5EFF346}.Release|Any CPU.Build.0 = Release|Any CPU
		{56EF5CD9-27B0-40D2-BFA0-5AC4967DAD39}.Debug|Any CPU.ActiveCfg = Debug|Any CPU
		{56EF5CD9-27B0-40D2-BFA0-5AC4967DAD39}.Debug|Any CPU.Build.0 = Debug|Any CPU
		{56EF5CD9-27B0-40D2-BFA0-5AC4967DAD39}.Release|Any CPU.ActiveCfg = Release|Any CPU
		{56EF5CD9-27B0-40D2-BFA0-5AC4967DAD39}.Release|Any CPU.Build.0 = Release|Any CPU
		{CB964485-48D2-4EA8-9FE4-EA6A1C6155F2}.Debug|Any CPU.ActiveCfg = Debug|Any CPU
		{CB964485-48D2-4EA8-9FE4-EA6A1C6155F2}.Debug|Any CPU.Build.0 = Debug|Any CPU
		{CB964485-48D2-4EA8-9FE4-EA6A1C6155F2}.Release|Any CPU.ActiveCfg = Release|Any CPU
		{CB964485-48D2-4EA8-9FE4-EA6A1C6155F2}.Release|Any CPU.Build.0 = Release|Any CPU
	EndGlobalSection
	GlobalSection(SolutionProperties) = preSolution
		HideSolutionNode = FALSE
	EndGlobalSection
EndGlobal
